
Microsoft Visual Studio Solution File, Format Version 12.00
# Visual Studio Version 17
VisualStudioVersion = 17.0.32112.339
MinimumVisualStudioVersion = 10.0.40219.1
Project("{9A19103F-16F7-4668-BE54-9A1E7A4F7556}") = "RatesApi", "RatesApi\RatesApi.csproj", "{F101D762-799E-49F8-B8B9-F5D0FEF32AEF}"
EndProject
Project("{FAE04EC0-301F-11D3-BF4B-00C04F79EFBC}") = "RatesApi.Tests", "RatesApi.Tests\RatesApi.Tests.csproj", "{F9B25EF5-4D1C-4D7A-B164-0031C67A397B}"
EndProject
Global
	GlobalSection(SolutionConfigurationPlatforms) = preSolution
		Debug|Any CPU = Debug|Any CPU
		Release|Any CPU = Release|Any CPU
	EndGlobalSection
	GlobalSection(ProjectConfigurationPlatforms) = postSolution
		{F101D762-799E-49F8-B8B9-F5D0FEF32AEF}.Debug|Any CPU.ActiveCfg = Debug|Any CPU
		{F101D762-799E-49F8-B8B9-F5D0FEF32AEF}.Debug|Any CPU.Build.0 = Debug|Any CPU
		{F101D762-799E-49F8-B8B9-F5D0FEF32AEF}.Release|Any CPU.ActiveCfg = Release|Any CPU
		{F101D762-799E-49F8-B8B9-F5D0FEF32AEF}.Release|Any CPU.Build.0 = Release|Any CPU
		{F9B25EF5-4D1C-4D7A-B164-0031C67A397B}.Debug|Any CPU.ActiveCfg = Debug|Any CPU
		{F9B25EF5-4D1C-4D7A-B164-0031C67A397B}.Debug|Any CPU.Build.0 = Debug|Any CPU
		{F9B25EF5-4D1C-4D7A-B164-0031C67A397B}.Release|Any CPU.ActiveCfg = Release|Any CPU
		{F9B25EF5-4D1C-4D7A-B164-0031C67A397B}.Release|Any CPU.Build.0 = Release|Any CPU
	EndGlobalSection
	GlobalSection(SolutionProperties) = preSolution
		HideSolutionNode = FALSE
	EndGlobalSection
	GlobalSection(ExtensibilityGlobals) = postSolution
		SolutionGuid = {192DC33B-2D26-4E61-A169-BFF9D0C4340B}
	EndGlobalSection
EndGlobal
